
Microsoft Visual Studio Solution File, Format Version 12.00
# Visual Studio Version 16
VisualStudioVersion = 16.0.31624.102
MinimumVisualStudioVersion = 10.0.40219.1
Project("{2150E333-8FDC-42A3-9474-1A3956D46DE8}") = "Solution Items", "Solution Items", "{F4F9A3FF-A724-4952-9E62-42D147B4D4B2}"
	ProjectSection(SolutionItems) = preProject
		.editorconfig = .editorconfig
		Directory.Build.props = Directory.Build.props
		.github\workflows\dotnetcore.yml = .github\workflows\dotnetcore.yml
		README.md = README.md
		version.props = version.props
	EndProjectSection
EndProject
Project("{9A19103F-16F7-4668-BE54-9A1E7A4F7556}") = "MSS.Extensions.Configuration.Fix", "src\Extensions.Configuration.Fix\MSS.Extensions.Configuration.Fix.csproj", "{659ED8C8-48B9-41F3-BB42-D072B8ACDBFA}"
EndProject
Global
	GlobalSection(SolutionConfigurationPlatforms) = preSolution
		Debug|Any CPU = Debug|Any CPU
		Release|Any CPU = Release|Any CPU
	EndGlobalSection
	GlobalSection(ProjectConfigurationPlatforms) = postSolution
		{659ED8C8-48B9-41F3-BB42-D072B8ACDBFA}.Debug|Any CPU.ActiveCfg = Debug|Any CPU
		{659ED8C8-48B9-41F3-BB42-D072B8ACDBFA}.Debug|Any CPU.Build.0 = Debug|Any CPU
		{659ED8C8-48B9-41F3-BB42-D072B8ACDBFA}.Release|Any CPU.ActiveCfg = Release|Any CPU
		{659ED8C8-48B9-41F3-BB42-D072B8ACDBFA}.Release|Any CPU.Build.0 = Release|Any CPU
	EndGlobalSection
	GlobalSection(SolutionProperties) = preSolution
		HideSolutionNode = FALSE
	EndGlobalSection
	GlobalSection(ExtensibilityGlobals) = postSolution
		SolutionGuid = {B90B78BF-FE66-411A-A6BD-AAFA6A210147}
	EndGlobalSection
EndGlobal
